{
  "requires": true,
  "lockfileVersion": 1,
  "dependencies": {
    "babel-plugin-react-require": {
      "version": "4.0.2",
      "resolved": "https://registry.npmjs.org/babel-plugin-react-require/-/babel-plugin-react-require-4.0.2.tgz",
      "integrity": "sha512-gIq6yj9TkPeEfhzhi5kHXuE4q6Z2lvizktnES+G0AP2aPDmrPLcPkjK2cSM89UPnxfJHubEZv12evOKjocD10w==",
      "dev": true
    }
  }
}
